
Microsoft Visual Studio Solution File, Format Version 12.00
# Visual Studio Version 17
VisualStudioVersion = 17.1.32421.90
MinimumVisualStudioVersion = 10.0.40219.1
Project("{8BC9CEB8-8B4A-11D0-8D11-00A0C91BC942}") = "Ejercicio 2.1", "Ejercicio 2.1\Ejercicio 2.1.vcxproj", "{580332AC-F57A-4882-B790-9FD1DF066B98}"
EndProject
Global
	GlobalSection(SolutionConfigurationPlatforms) = preSolution
		Debug|x64 = Debug|x64
		Debug|x86 = Debug|x86
		Release|x64 = Release|x64
		Release|x86 = Release|x86
	EndGlobalSection
	GlobalSection(ProjectConfigurationPlatforms) = postSolution
		{580332AC-F57A-4882-B790-9FD1DF066B98}.Debug|x64.ActiveCfg = Debug|x64
		{580332AC-F57A-4882-B790-9FD1DF066B98}.Debug|x64.Build.0 = Debug|x64
		{580332AC-F57A-4882-B790-9FD1DF066B98}.Debug|x86.ActiveCfg = Debug|Win32
		{580332AC-F57A-4882-B790-9FD1DF066B98}.Debug|x86.Build.0 = Debug|Win32
		{580332AC-F57A-4882-B790-9FD1DF066B98}.Release|x64.ActiveCfg = Release|x64
		{580332AC-F57A-4882-B790-9FD1DF066B98}.Release|x64.Build.0 = Release|x64
		{580332AC-F57A-4882-B790-9FD1DF066B98}.Release|x86.ActiveCfg = Release|Win32
		{580332AC-F57A-4882-B790-9FD1DF066B98}.Release|x86.Build.0 = Release|Win32
	EndGlobalSection
	GlobalSection(SolutionProperties) = preSolution
		HideSolutionNode = FALSE
	EndGlobalSection
	GlobalSection(ExtensibilityGlobals) = postSolution
		SolutionGuid = {E6E7291D-C6A2-4BBE-85CB-6E8815A82FA9}
	EndGlobalSection
EndGlobal
