
Microsoft Visual Studio Solution File, Format Version 12.00
# Visual Studio Version 17
VisualStudioVersion = 17.1.32421.90
MinimumVisualStudioVersion = 10.0.40219.1
Project("{8BC9CEB8-8B4A-11D0-8D11-00A0C91BC942}") = "Funciones con vectores y estructuras", "Funciones con vectores y estructuras\Funciones con vectores y estructuras.vcxproj", "{6848A568-FE19-4696-B71B-F114920FAA44}"
EndProject
Global
	GlobalSection(SolutionConfigurationPlatforms) = preSolution
		Debug|x64 = Debug|x64
		Debug|x86 = Debug|x86
		Release|x64 = Release|x64
		Release|x86 = Release|x86
	EndGlobalSection
	GlobalSection(ProjectConfigurationPlatforms) = postSolution
		{6848A568-FE19-4696-B71B-F114920FAA44}.Debug|x64.ActiveCfg = Debug|x64
		{6848A568-FE19-4696-B71B-F114920FAA44}.Debug|x64.Build.0 = Debug|x64
		{6848A568-FE19-4696-B71B-F114920FAA44}.Debug|x86.ActiveCfg = Debug|Win32
		{6848A568-FE19-4696-B71B-F114920FAA44}.Debug|x86.Build.0 = Debug|Win32
		{6848A568-FE19-4696-B71B-F114920FAA44}.Release|x64.ActiveCfg = Release|x64
		{6848A568-FE19-4696-B71B-F114920FAA44}.Release|x64.Build.0 = Release|x64
		{6848A568-FE19-4696-B71B-F114920FAA44}.Release|x86.ActiveCfg = Release|Win32
		{6848A568-FE19-4696-B71B-F114920FAA44}.Release|x86.Build.0 = Release|Win32
	EndGlobalSection
	GlobalSection(SolutionProperties) = preSolution
		HideSolutionNode = FALSE
	EndGlobalSection
	GlobalSection(ExtensibilityGlobals) = postSolution
		SolutionGuid = {B5902273-7FE5-4602-A29B-0FCF0C3E9871}
	EndGlobalSection
EndGlobal
