
Microsoft Visual Studio Solution File, Format Version 12.00
# Visual Studio Version 17
VisualStudioVersion = 17.1.32421.90
MinimumVisualStudioVersion = 10.0.40219.1
Project("{8BC9CEB8-8B4A-11D0-8D11-00A0C91BC942}") = "Factura", "Factura\Factura.vcxproj", "{0ABD6DD4-159A-44A1-90D1-93D975122295}"
EndProject
Global
	GlobalSection(SolutionConfigurationPlatforms) = preSolution
		Debug|x64 = Debug|x64
		Debug|x86 = Debug|x86
		Release|x64 = Release|x64
		Release|x86 = Release|x86
	EndGlobalSection
	GlobalSection(ProjectConfigurationPlatforms) = postSolution
		{0ABD6DD4-159A-44A1-90D1-93D975122295}.Debug|x64.ActiveCfg = Debug|x64
		{0ABD6DD4-159A-44A1-90D1-93D975122295}.Debug|x64.Build.0 = Debug|x64
		{0ABD6DD4-159A-44A1-90D1-93D975122295}.Debug|x86.ActiveCfg = Debug|Win32
		{0ABD6DD4-159A-44A1-90D1-93D975122295}.Debug|x86.Build.0 = Debug|Win32
		{0ABD6DD4-159A-44A1-90D1-93D975122295}.Release|x64.ActiveCfg = Release|x64
		{0ABD6DD4-159A-44A1-90D1-93D975122295}.Release|x64.Build.0 = Release|x64
		{0ABD6DD4-159A-44A1-90D1-93D975122295}.Release|x86.ActiveCfg = Release|Win32
		{0ABD6DD4-159A-44A1-90D1-93D975122295}.Release|x86.Build.0 = Release|Win32
	EndGlobalSection
	GlobalSection(SolutionProperties) = preSolution
		HideSolutionNode = FALSE
	EndGlobalSection
	GlobalSection(ExtensibilityGlobals) = postSolution
		SolutionGuid = {182954C0-98C3-4155-A88D-CB76003D56F4}
	EndGlobalSection
EndGlobal
