
Microsoft Visual Studio Solution File, Format Version 12.00
# Visual Studio Version 16
VisualStudioVersion = 16.0.33328.57
MinimumVisualStudioVersion = 10.0.40219.1
Project("{8BC9CEB8-8B4A-11D0-8D11-00A0C91BC942}") = "Ingresar_datos(DO-WHILE)", "Ingresar_datos(DO-WHILE).vcxproj", "{D2785D91-BDB7-4B0F-B871-389C303C09E5}"
EndProject
Global
	GlobalSection(SolutionConfigurationPlatforms) = preSolution
		Debug|x64 = Debug|x64
		Debug|x86 = Debug|x86
		Release|x64 = Release|x64
		Release|x86 = Release|x86
	EndGlobalSection
	GlobalSection(ProjectConfigurationPlatforms) = postSolution
		{D2785D91-BDB7-4B0F-B871-389C303C09E5}.Debug|x64.ActiveCfg = Debug|x64
		{D2785D91-BDB7-4B0F-B871-389C303C09E5}.Debug|x64.Build.0 = Debug|x64
		{D2785D91-BDB7-4B0F-B871-389C303C09E5}.Debug|x86.ActiveCfg = Debug|Win32
		{D2785D91-BDB7-4B0F-B871-389C303C09E5}.Debug|x86.Build.0 = Debug|Win32
		{D2785D91-BDB7-4B0F-B871-389C303C09E5}.Release|x64.ActiveCfg = Release|x64
		{D2785D91-BDB7-4B0F-B871-389C303C09E5}.Release|x64.Build.0 = Release|x64
		{D2785D91-BDB7-4B0F-B871-389C303C09E5}.Release|x86.ActiveCfg = Release|Win32
		{D2785D91-BDB7-4B0F-B871-389C303C09E5}.Release|x86.Build.0 = Release|Win32
	EndGlobalSection
	GlobalSection(SolutionProperties) = preSolution
		HideSolutionNode = FALSE
	EndGlobalSection
	GlobalSection(ExtensibilityGlobals) = postSolution
		SolutionGuid = {07CD58BD-6D4B-4E8F-9055-65D192D78790}
	EndGlobalSection
EndGlobal
